
Microsoft Visual Studio Solution File, Format Version 12.00
# Visual Studio Version 17
VisualStudioVersion = 17.5.33516.290
MinimumVisualStudioVersion = 10.0.40219.1
Project("{8BC9CEB8-8B4A-11D0-8D11-00A0C91BC942}") = "Server", "Server\Server.vcxproj", "{53E62795-250F-4A92-BA04-C0D597A859F8}"
EndProject
Project("{8BC9CEB8-8B4A-11D0-8D11-00A0C91BC942}") = "DummyClient", "DummyClient\DummyClient.vcxproj", "{A37B5A37-9811-4D9A-80EE-32679A51C1B5}"
EndProject
Project("{8BC9CEB8-8B4A-11D0-8D11-00A0C91BC942}") = "ServerCore", "ServerCore\ServerCore.vcxproj", "{D16EB9B9-2BFE-460B-90A2-D69F0836E10A}"
EndProject
Project("{8BC9CEB8-8B4A-11D0-8D11-00A0C91BC942}") = "Prac", "Prac\Prac.vcxproj", "{5919E830-EBB8-4F51-B0D0-51F4DDE9AFD4}"
EndProject
Global
	GlobalSection(SolutionConfigurationPlatforms) = preSolution
		Debug|x64 = Debug|x64
		Debug|x86 = Debug|x86
		Release|x64 = Release|x64
		Release|x86 = Release|x86
	EndGlobalSection
	GlobalSection(ProjectConfigurationPlatforms) = postSolution
		{53E62795-250F-4A92-BA04-C0D597A859F8}.Debug|x64.ActiveCfg = Debug|x64
		{53E62795-250F-4A92-BA04-C0D597A859F8}.Debug|x64.Build.0 = Debug|x64
		{53E62795-250F-4A92-BA04-C0D597A859F8}.Debug|x86.ActiveCfg = Debug|Win32
		{53E62795-250F-4A92-BA04-C0D597A859F8}.Debug|x86.Build.0 = Debug|Win32
		{53E62795-250F-4A92-BA04-C0D597A859F8}.Release|x64.ActiveCfg = Release|x64
		{53E62795-250F-4A92-BA04-C0D597A859F8}.Release|x64.Build.0 = Release|x64
		{53E62795-250F-4A92-BA04-C0D597A859F8}.Release|x86.ActiveCfg = Release|Win32
		{53E62795-250F-4A92-BA04-C0D597A859F8}.Release|x86.Build.0 = Release|Win32
		{A37B5A37-9811-4D9A-80EE-32679A51C1B5}.Debug|x64.ActiveCfg = Debug|x64
		{A37B5A37-9811-4D9A-80EE-32679A51C1B5}.Debug|x64.Build.0 = Debug|x64
		{A37B5A37-9811-4D9A-80EE-32679A51C1B5}.Debug|x86.ActiveCfg = Debug|Win32
		{A37B5A37-9811-4D9A-80EE-32679A51C1B5}.Debug|x86.Build.0 = Debug|Win32
		{A37B5A37-9811-4D9A-80EE-32679A51C1B5}.Release|x64.ActiveCfg = Release|x64
		{A37B5A37-9811-4D9A-80EE-32679A51C1B5}.Release|x64.Build.0 = Release|x64
		{A37B5A37-9811-4D9A-80EE-32679A51C1B5}.Release|x86.ActiveCfg = Release|Win32
		{A37B5A37-9811-4D9A-80EE-32679A51C1B5}.Release|x86.Build.0 = Release|Win32
		{D16EB9B9-2BFE-460B-90A2-D69F0836E10A}.Debug|x64.ActiveCfg = Debug|x64
		{D16EB9B9-2BFE-460B-90A2-D69F0836E10A}.Debug|x64.Build.0 = Debug|x64
		{D16EB9B9-2BFE-460B-90A2-D69F0836E10A}.Debug|x86.ActiveCfg = Debug|Win32
		{D16EB9B9-2BFE-460B-90A2-D69F0836E10A}.Debug|x86.Build.0 = Debug|Win32
		{D16EB9B9-2BFE-460B-90A2-D69F0836E10A}.Release|x64.ActiveCfg = Release|x64
		{D16EB9B9-2BFE-460B-90A2-D69F0836E10A}.Release|x64.Build.0 = Release|x64
		{D16EB9B9-2BFE-460B-90A2-D69F0836E10A}.Release|x86.ActiveCfg = Release|Win32
		{D16EB9B9-2BFE-460B-90A2-D69F0836E10A}.Release|x86.Build.0 = Release|Win32
		{5919E830-EBB8-4F51-B0D0-51F4DDE9AFD4}.Debug|x64.ActiveCfg = Debug|x64
		{5919E830-EBB8-4F51-B0D0-51F4DDE9AFD4}.Debug|x64.Build.0 = Debug|x64
		{5919E830-EBB8-4F51-B0D0-51F4DDE9AFD4}.Debug|x86.ActiveCfg = Debug|Win32
		{5919E830-EBB8-4F51-B0D0-51F4DDE9AFD4}.Debug|x86.Build.0 = Debug|Win32
		{5919E830-EBB8-4F51-B0D0-51F4DDE9AFD4}.Release|x64.ActiveCfg = Release|x64
		{5919E830-EBB8-4F51-B0D0-51F4DDE9AFD4}.Release|x64.Build.0 = Release|x64
		{5919E830-EBB8-4F51-B0D0-51F4DDE9AFD4}.Release|x86.ActiveCfg = Release|Win32
		{5919E830-EBB8-4F51-B0D0-51F4DDE9AFD4}.Release|x86.Build.0 = Release|Win32
	EndGlobalSection
	GlobalSection(SolutionProperties) = preSolution
		HideSolutionNode = FALSE
	EndGlobalSection
	GlobalSection(ExtensibilityGlobals) = postSolution
		SolutionGuid = {D84E1158-5E93-4706-912A-E24EE108A7B4}
	EndGlobalSection
EndGlobal
